// !$*UTF8*$!
{
	archiveVersion = 1;
	classes = {
	};
	objectVersion = 46;
	objects = {

/* Begin PBXBuildFile section */
		10258C8A1DFC477C00F39CD5 /* AppDelegate.swift in Sources */ = {isa = PBXBuildFile; fileRef = 10258C891DFC477C00F39CD5 /* AppDelegate.swift */; };
		10258C8C1DFC477C00F39CD5 /* RootViewController.swift in Sources */ = {isa = PBXBuildFile; fileRef = 10258C8B1DFC477C00F39CD5 /* RootViewController.swift */; };
		10258C911DFC477C00F39CD5 /* Assets.xcassets in Resources */ = {isa = PBXBuildFile; fileRef = 10258C901DFC477C00F39CD5 /* Assets.xcassets */; };
		10258C941DFC477C00F39CD5 /* LaunchScreen.storyboard in Resources */ = {isa = PBXBuildFile; fileRef = 10258C921DFC477C00F39CD5 /* LaunchScreen.storyboard */; };
		102D965C1DFEEC2300E17BBD /* SampleTableViewController.swift in Sources */ = {isa = PBXBuildFile; fileRef = 102D965B1DFEEC2300E17BBD /* SampleTableViewController.swift */; };
/* End PBXBuildFile section */

/* Begin PBXFileReference section */
		10258C861DFC477C00F39CD5 /* ios-delegates.app */ = {isa = PBXFileReference; explicitFileType = wrapper.application; includeInIndex = 0; path = "ios-delegates.app"; sourceTree = BUILT_PRODUCTS_DIR; };
		10258C891DFC477C00F39CD5 /* AppDelegate.swift */ = {isa = PBXFileReference; lastKnownFileType = sourcecode.swift; path = AppDelegate.swift; sourceTree = "<group>"; };
		10258C8B1DFC477C00F39CD5 /* RootViewController.swift */ = {isa = PBXFileReference; lastKnownFileType = sourcecode.swift; path = RootViewController.swift; sourceTree = "<group>"; };
		10258C901DFC477C00F39CD5 /* Assets.xcassets */ = {isa = PBXFileReference; lastKnownFileType = folder.assetcatalog; path = Assets.xcassets; sourceTree = "<group>"; };
		10258C931DFC477C00F39CD5 /* Base */ = {isa = PBXFileReference; lastKnownFileType = file.storyboard; name = Base; path = Base.lproj/LaunchScreen.storyboard; sourceTree = "<group>"; };
		10258C951DFC477C00F39CD5 /* Info.plist */ = {isa = PBXFileReference; lastKnownFileType = text.plist.xml; path = Info.plist; sourceTree = "<group>"; };
		102D965B1DFEEC2300E17BBD /* SampleTableViewController.swift */ = {isa = PBXFileReference; fileEncoding = 4; lastKnownFileType = sourcecode.swift; path = SampleTableViewController.swift; sourceTree = "<group>"; };
/* End PBXFileReference section */

/* Begin PBXFrameworksBuildPhase section */
		10258C831DFC477C00F39CD5 /* Frameworks */ = {
			isa = PBXFrameworksBuildPhase;
			buildActionMask = 2147483647;
			files = (
			);
			runOnlyForDeploymentPostprocessing = 0;
		};
/* End PBXFrameworksBuildPhase section */

/* Begin PBXGroup section */
		10258C7D1DFC477C00F39CD5 = {
			isa = PBXGroup;
			children = (
				10258C881DFC477C00F39CD5 /* ios-delegates */,
				10258C871DFC477C00F39CD5 /* Products */,
			);
			sourceTree = "<group>";
		};
		10258C871DFC477C00F39CD5 /* Products */ = {
			isa = PBXGroup;
			children = (
				10258C861DFC477C00F39CD5 /* ios-delegates.app */,
			);
			name = Products;
			sourceTree = "<group>";
		};
		10258C881DFC477C00F39CD5 /* ios-delegates */ = {
			isa = PBXGroup;
			children = (
				10258C891DFC477C00F39CD5 /* AppDelegate.swift */,
				10258C8B1DFC477C00F39CD5 /* RootViewController.swift */,
				102D965B1DFEEC2300E17BBD /* SampleTableViewController.swift */,
				10258C901DFC477C00F39CD5 /* Assets.xcassets */,
				10258C921DFC477C00F39CD5 /* LaunchScreen.storyboard */,
				10258C951DFC477C00F39CD5 /* Info.plist */,
			);
			path = "ios-delegates";
			sourceTree = "<group>";
		};
/* End PBXGroup section */

/* Begin PBXNativeTarget section */
		10258C851DFC477C00F39CD5 /* ios-delegates */ = {
			isa = PBXNativeTarget;
			buildConfigurationList = 10258C981DFC477C00F39CD5 /* Build configuration list for PBXNativeTarget "ios-delegates" */;
			buildPhases = (
				10258C821DFC477C00F39CD5 /* Sources */,
				10258C831DFC477C00F39CD5 /* Frameworks */,
				10258C841DFC477C00F39CD5 /* Resources */,
			);
			buildRules = (
			);
			dependencies = (
			);
			name = "ios-delegates";
			productName = "ios-delegates";
			productReference = 10258C861DFC477C00F39CD5 /* ios-delegates.app */;
			productType = "com.apple.product-type.application";
		};
/* End PBXNativeTarget section */

/* Begin PBXProject section */
		10258C7E1DFC477C00F39CD5 /* Project object */ = {
			isa = PBXProject;
			attributes = {
				LastSwiftUpdateCheck = 0810;
				LastUpgradeCheck = 0810;
				ORGANIZATIONNAME = KAGE;
				TargetAttributes = {
					10258C851DFC477C00F39CD5 = {
						CreatedOnToolsVersion = 8.1;
						ProvisioningStyle = Automatic;
					};
				};
			};
			buildConfigurationList = 10258C811DFC477C00F39CD5 /* Build configuration list for PBXProject "ios-delegates" */;
			compatibilityVersion = "Xcode 3.2";
			developmentRegion = English;
			hasScannedForEncodings = 0;
			knownRegions = (
				en,
				Base,
			);
			mainGroup = 10258C7D1DFC477C00F39CD5;
			productRefGroup = 10258C871DFC477C00F39CD5 /* Products */;
			projectDirPath = "";
			projectRoot = "";
			targets = (
				10258C851DFC477C00F39CD5 /* ios-delegates */,
			);
		};
/* End PBXProject section */

/* Begin PBXResourcesBuildPhase section */
		10258C841DFC477C00F39CD5 /* Resources */ = {
			isa = PBXResourcesBuildPhase;
			buildActionMask = 2147483647;
			files = (
				10258C941DFC477C00F39CD5 /* LaunchScreen.storyboard in Resources */,
				10258C911DFC477C00F39CD5 /* Assets.xcassets in Resources */,
			);
			runOnlyForDeploymentPostprocessing = 0;
		};
/* End PBXResourcesBuildPhase section */

/* Begin PBXSourcesBuildPhase section */
		10258C821DFC477C00F39CD5 /* Sources */ = {
			isa = PBXSourcesBuildPhase;
			buildActionMask = 2147483647;
			files = (
				10258C8C1DFC477C00F39CD5 /* RootViewController.swift in Sources */,
				10258C8A1DFC477C00F39CD5 /* AppDelegate.swift in Sources */,
				102D965C1DFEEC2300E17BBD /* SampleTableViewController.swift in Sources */,
			);
			runOnlyForDeploymentPostprocessing = 0;
		};
/* End PBXSourcesBuildPhase section */

/* Begin PBXVariantGroup section */
		10258C921DFC477C00F39CD5 /* LaunchScreen.storyboard */ = {
			isa = PBXVariantGroup;
			children = (
				10258C931DFC477C00F39CD5 /* Base */,
			);
			name = LaunchScreen.storyboard;
			sourceTree = "<group>";
		};
/* End PBXVariantGroup section */

/* Begin XCBuildConfiguration section */
		10258C961DFC477C00F39CD5 /* Debug */ = {
			isa = XCBuildConfiguration;
			buildSettings = {
				ALWAYS_SEARCH_USER_PATHS = NO;
				CLANG_ANALYZER_NONNULL = YES;
				CLANG_CXX_LANGUAGE_STANDARD = "gnu++0x";
				CLANG_CXX_LIBRARY = "libc++";
				CLANG_ENABLE_MODULES = YES;
				CLANG_ENABLE_OBJC_ARC = YES;
				CLANG_WARN_BOOL_CONVERSION = YES;
				CLANG_WARN_CONSTANT_CONVERSION = YES;
				CLANG_WARN_DIRECT_OBJC_ISA_USAGE = YES_ERROR;
				CLANG_WARN_DOCUMENTATION_COMMENTS = YES;
				CLANG_WARN_EMPTY_BODY = YES;
				CLANG_WARN_ENUM_CONVERSION = YES;
				CLANG_WARN_INFINITE_RECURSION = YES;
				CLANG_WARN_INT_CONVERSION = YES;
				CLANG_WARN_OBJC_ROOT_CLASS = YES_ERROR;
				CLANG_WARN_SUSPICIOUS_MOVES = YES;
				CLANG_WARN_UNREACHABLE_CODE = YES;
				CLANG_WARN__DUPLICATE_METHOD_MATCH = YES;
				"CODE_SIGN_IDENTITY[sdk=iphoneos*]" = "iPhone Developer";
				COPY_PHASE_STRIP = NO;
				DEBUG_INFORMATION_FORMAT = dwarf;
				ENABLE_STRICT_OBJC_MSGSEND = YES;
				ENABLE_TESTABILITY = YES;
				GCC_C_LANGUAGE_STANDARD = gnu99;
				GCC_DYNAMIC_NO_PIC = NO;
				GCC_NO_COMMON_BLOCKS = YES;
				GCC_OPTIMIZATION_LEVEL = 0;
				GCC_PREPROCESSOR_DEFINITIONS = (
					"DEBUG=1",
					"$(inherited)",
				);
				GCC_WARN_64_TO_32_BIT_CONVERSION = YES;
				GCC_WARN_ABOUT_RETURN_TYPE = YES_ERROR;
				GCC_WARN_UNDECLARED_SELECTOR = YES;
				GCC_WARN_UNINITIALIZED_AUTOS = YES_AGGRESSIVE;
				GCC_WARN_UNUSED_FUNCTION = YES;
				GCC_WARN_UNUSED_VARIABLE = YES;
				IPHONEOS_DEPLOYMENT_TARGET = 10.1;
				MTL_ENABLE_DEBUG_INFO = YES;
				ONLY_ACTIVE_ARCH = YES;
				SDKROOT = iphoneos;
				SWIFT_ACTIVE_COMPILATION_CONDITIONS = DEBUG;
				SWIFT_OPTIMIZATION_LEVEL = "-Onone";
			};
			name = Debug;
		};
		10258C971DFC477C00F39CD5 /* Release */ = {
			isa = XCBuildConfiguration;
			buildSettings = {
				ALWAYS_SEARCH_USER_PATHS = NO;
				CLANG_ANALYZER_NONNULL = YES;
				CLANG_CXX_LANGUAGE_STANDARD = "gnu++0x";
				CLANG_CXX_LIBRARY = "libc++";
				CLANG_ENABLE_MODULES = YES;
				CLANG_ENABLE_OBJC_ARC = YES;
				CLANG_WARN_BOOL_CONVERSION = YES;
				CLANG_WARN_CONSTANT_CONVERSION = YES;
				CLANG_WARN_DIRECT_OBJC_ISA_USAGE = YES_ERROR;
				CLANG_WARN_DOCUMENTATION_COMMENTS = YES;
				CLANG_WARN_EMPTY_BODY = YES;
				CLANG_WARN_ENUM_CONVERSION = YES;
				CLANG_WARN_INFINITE_RECURSION = YES;
				CLANG_WARN_INT_CONVERSION = YES;
				CLANG_WARN_OBJC_ROOT_CLASS = YES_ERROR;
				CLANG_WARN_SUSPICIOUS_MOVES = YES;
				CLANG_WARN_UNREACHABLE_CODE = YES;
				CLANG_WARN__DUPLICATE_METHOD_MATCH = YES;
				"CODE_SIGN_IDENTITY[sdk=iphoneos*]" = "iPhone Developer";
				COPY_PHASE_STRIP = NO;
				DEBUG_INFORMATION_FORMAT = "dwarf-with-dsym";
				ENABLE_NS_ASSERTIONS = NO;
				ENABLE_STRICT_OBJC_MSGSEND = YES;
				GCC_C_LANGUAGE_STANDARD = gnu99;
				GCC_NO_COMMON_BLOCKS = YES;
				GCC_WARN_64_TO_32_BIT_CONVERSION = YES;
				GCC_WARN_ABOUT_RETURN_TYPE = YES_ERROR;
				GCC_WARN_UNDECLARED_SELECTOR = YES;
				GCC_WARN_UNINITIALIZED_AUTOS = YES_AGGRESSIVE;
				GCC_WARN_UNUSED_FUNCTION = YES;
				GCC_WARN_UNUSED_VARIABLE = YES;
				IPHONEOS_DEPLOYMENT_TARGET = 10.1;
				MTL_ENABLE_DEBUG_INFO = NO;
				SDKROOT = iphoneos;
				SWIFT_OPTIMIZATION_LEVEL = "-Owholemodule";
				VALIDATE_PRODUCT = YES;
			};
			name = Release;
		};
		10258C991DFC477C00F39CD5 /* Debug */ = {
			isa = XCBuildConfiguration;
			buildSettings = {
				ASSETCATALOG_COMPILER_APPICON_NAME = AppIcon;
				INFOPLIST_FILE = "ios-delegates/Info.plist";
				LD_RUNPATH_SEARCH_PATHS = "$(inherited) @executable_path/Frameworks";
				PRODUCT_BUNDLE_IDENTIFIER = "com.github.kagemiku.ios-delegates";
				PRODUCT_NAME = "$(TARGET_NAME)";
				SWIFT_VERSION = 3.0;
			};
			name = Debug;
		};
		10258C9A1DFC477C00F39CD5 /* Release */ = {
			isa = XCBuildConfiguration;
			buildSettings = {
				ASSETCATALOG_COMPILER_APPICON_NAME = AppIcon;
				INFOPLIST_FILE = "ios-delegates/Info.plist";
				LD_RUNPATH_SEARCH_PATHS = "$(inherited) @executable_path/Frameworks";
				PRODUCT_BUNDLE_IDENTIFIER = "com.github.kagemiku.ios-delegates";
				PRODUCT_NAME = "$(TARGET_NAME)";
				SWIFT_VERSION = 3.0;
			};
			name = Release;
		};
/* End XCBuildConfiguration section */

/* Begin XCConfigurationList section */
		10258C811DFC477C00F39CD5 /* Build configuration list for PBXProject "ios-delegates" */ = {
			isa = XCConfigurationList;
			buildConfigurations = (
				10258C961DFC477C00F39CD5 /* Debug */,
				10258C971DFC477C00F39CD5 /* Release */,
			);
			defaultConfigurationIsVisible = 0;
			defaultConfigurationName = Release;
		};
		10258C981DFC477C00F39CD5 /* Build configuration list for PBXNativeTarget "ios-delegates" */ = {
			isa = XCConfigurationList;
			buildConfigurations = (
				10258C991DFC477C00F39CD5 /* Debug */,
				10258C9A1DFC477C00F39CD5 /* Release */,
			);
			defaultConfigurationIsVisible = 0;
			defaultConfigurationName = Release;
		};
/* End XCConfigurationList section */
	};
	rootObject = 10258C7E1DFC477C00F39CD5 /* Project object */;
}
